
Microsoft Visual Studio Solution File, Format Version 12.00
# Visual Studio Version 16
VisualStudioVersion = 16.0.31410.357
MinimumVisualStudioVersion = 10.0.40219.1
Project("{9A19103F-16F7-4668-BE54-9A1E7A4F7556}") = "UserMgmtAPI.Web", "UserMgmtAPI\UserMgmtAPI.Web.csproj", "{1D5562E4-AF78-4CA1-989A-0985F3254D6A}"
EndProject
Project("{9A19103F-16F7-4668-BE54-9A1E7A4F7556}") = "UserMgmtAPI.Application", "UserMgmtAPI.Application\UserMgmtAPI.Application.csproj", "{73F68CEB-B7F0-442D-BD5B-47F9095D7214}"
EndProject
Project("{9A19103F-16F7-4668-BE54-9A1E7A4F7556}") = "UserMgmtAPI.Infrastructure", "UserMgmtAPI.Infrastructure\UserMgmtAPI.Infrastructure.csproj", "{40C6CD12-8301-42DC-9457-4BB1DCECACE7}"
EndProject
Project("{9A19103F-16F7-4668-BE54-9A1E7A4F7556}") = "UserMgmtAPI.Domain", "UserMgmtAPI.Domain\UserMgmtAPI.Domain.csproj", "{2AF30D1C-EE75-419C-A4D9-C9F49156525B}"
EndProject
Project("{FAE04EC0-301F-11D3-BF4B-00C04F79EFBC}") = "UserMgmtAPI.Persistence", "UserMgmtAPI.Persistence\UserMgmtAPI.Persistence.csproj", "{057D2380-F437-40E2-9BFB-EA7A2F25C127}"
EndProject
Global
	GlobalSection(SolutionConfigurationPlatforms) = preSolution
		Debug|Any CPU = Debug|Any CPU
		Release|Any CPU = Release|Any CPU
	EndGlobalSection
	GlobalSection(ProjectConfigurationPlatforms) = postSolution
		{1D5562E4-AF78-4CA1-989A-0985F3254D6A}.Debug|Any CPU.ActiveCfg = Debug|Any CPU
		{1D5562E4-AF78-4CA1-989A-0985F3254D6A}.Debug|Any CPU.Build.0 = Debug|Any CPU
		{1D5562E4-AF78-4CA1-989A-0985F3254D6A}.Release|Any CPU.ActiveCfg = Release|Any CPU
		{1D5562E4-AF78-4CA1-989A-0985F3254D6A}.Release|Any CPU.Build.0 = Release|Any CPU
		{73F68CEB-B7F0-442D-BD5B-47F9095D7214}.Debug|Any CPU.ActiveCfg = Debug|Any CPU
		{73F68CEB-B7F0-442D-BD5B-47F9095D7214}.Debug|Any CPU.Build.0 = Debug|Any CPU
		{73F68CEB-B7F0-442D-BD5B-47F9095D7214}.Release|Any CPU.ActiveCfg = Release|Any CPU
		{73F68CEB-B7F0-442D-BD5B-47F9095D7214}.Release|Any CPU.Build.0 = Release|Any CPU
		{40C6CD12-8301-42DC-9457-4BB1DCECACE7}.Debug|Any CPU.ActiveCfg = Debug|Any CPU
		{40C6CD12-8301-42DC-9457-4BB1DCECACE7}.Debug|Any CPU.Build.0 = Debug|Any CPU
		{40C6CD12-8301-42DC-9457-4BB1DCECACE7}.Release|Any CPU.ActiveCfg = Release|Any CPU
		{40C6CD12-8301-42DC-9457-4BB1DCECACE7}.Release|Any CPU.Build.0 = Release|Any CPU
		{2AF30D1C-EE75-419C-A4D9-C9F49156525B}.Debug|Any CPU.ActiveCfg = Debug|Any CPU
		{2AF30D1C-EE75-419C-A4D9-C9F49156525B}.Debug|Any CPU.Build.0 = Debug|Any CPU
		{2AF30D1C-EE75-419C-A4D9-C9F49156525B}.Release|Any CPU.ActiveCfg = Release|Any CPU
		{2AF30D1C-EE75-419C-A4D9-C9F49156525B}.Release|Any CPU.Build.0 = Release|Any CPU
		{057D2380-F437-40E2-9BFB-EA7A2F25C127}.Debug|Any CPU.ActiveCfg = Debug|Any CPU
		{057D2380-F437-40E2-9BFB-EA7A2F25C127}.Debug|Any CPU.Build.0 = Debug|Any CPU
		{057D2380-F437-40E2-9BFB-EA7A2F25C127}.Release|Any CPU.ActiveCfg = Release|Any CPU
		{057D2380-F437-40E2-9BFB-EA7A2F25C127}.Release|Any CPU.Build.0 = Release|Any CPU
	EndGlobalSection
	GlobalSection(SolutionProperties) = preSolution
		HideSolutionNode = FALSE
	EndGlobalSection
	GlobalSection(ExtensibilityGlobals) = postSolution
		SolutionGuid = {AE0DCF67-F5EC-402C-AE90-0E85A95FB7D0}
	EndGlobalSection
EndGlobal
